// !$*UTF8*$!
{
	archiveVersion = 1;
	classes = {
	};
	objectVersion = 50;
	objects = {

/* Begin PBXBuildFile section */
		301F7F4C2433944800C01C03 /* AppDelegate.swift in Sources */ = {isa = PBXBuildFile; fileRef = 301F7F4B2433944800C01C03 /* AppDelegate.swift */; };
		301F7F4E2433944800C01C03 /* SceneDelegate.swift in Sources */ = {isa = PBXBuildFile; fileRef = 301F7F4D2433944800C01C03 /* SceneDelegate.swift */; };
		301F7F502433944800C01C03 /* ContentView.swift in Sources */ = {isa = PBXBuildFile; fileRef = 301F7F4F2433944800C01C03 /* ContentView.swift */; };
		301F7F522433944C00C01C03 /* Assets.xcassets in Resources */ = {isa = PBXBuildFile; fileRef = 301F7F512433944C00C01C03 /* Assets.xcassets */; };
		301F7F552433944C00C01C03 /* Preview Assets.xcassets in Resources */ = {isa = PBXBuildFile; fileRef = 301F7F542433944C00C01C03 /* Preview Assets.xcassets */; };
		301F7F582433944C00C01C03 /* LaunchScreen.storyboard in Resources */ = {isa = PBXBuildFile; fileRef = 301F7F562433944C00C01C03 /* LaunchScreen.storyboard */; };
		301F7F602433947000C01C03 /* Helper.swift in Sources */ = {isa = PBXBuildFile; fileRef = 301F7F5F2433947000C01C03 /* Helper.swift */; };
		301F7F63243394A900C01C03 /* Order.swift in Sources */ = {isa = PBXBuildFile; fileRef = 301F7F61243394A900C01C03 /* Order.swift */; };
		301F7F64243394A900C01C03 /* Menu.swift in Sources */ = {isa = PBXBuildFile; fileRef = 301F7F62243394A900C01C03 /* Menu.swift */; };
		301F7F66243394CB00C01C03 /* menu.json in Resources */ = {isa = PBXBuildFile; fileRef = 301F7F65243394CB00C01C03 /* menu.json */; };
		301F7F682433A4FF00C01C03 /* ItemRow.swift in Sources */ = {isa = PBXBuildFile; fileRef = 301F7F672433A4FF00C01C03 /* ItemRow.swift */; };
		307D06C2243CF182004E2F8D /* AppView.swift in Sources */ = {isa = PBXBuildFile; fileRef = 307D06C1243CF182004E2F8D /* AppView.swift */; };
		307D06C4243CF451004E2F8D /* CheckoutView.swift in Sources */ = {isa = PBXBuildFile; fileRef = 307D06C3243CF451004E2F8D /* CheckoutView.swift */; };
		308B5D23243CEF8600C0681B /* OrderView.swift in Sources */ = {isa = PBXBuildFile; fileRef = 308B5D22243CEF8600C0681B /* OrderView.swift */; };
		309E4D7C2433C690009BA2A3 /* ItemDetail.swift in Sources */ = {isa = PBXBuildFile; fileRef = 309E4D7B2433C690009BA2A3 /* ItemDetail.swift */; };
/* End PBXBuildFile section */

/* Begin PBXFileReference section */
		301F7F482433944800C01C03 /* iDine.app */ = {isa = PBXFileReference; explicitFileType = wrapper.application; includeInIndex = 0; path = iDine.app; sourceTree = BUILT_PRODUCTS_DIR; };
		301F7F4B2433944800C01C03 /* AppDelegate.swift */ = {isa = PBXFileReference; lastKnownFileType = sourcecode.swift; path = AppDelegate.swift; sourceTree = "<group>"; };
		301F7F4D2433944800C01C03 /* SceneDelegate.swift */ = {isa = PBXFileReference; lastKnownFileType = sourcecode.swift; path = SceneDelegate.swift; sourceTree = "<group>"; };
		301F7F4F2433944800C01C03 /* ContentView.swift */ = {isa = PBXFileReference; lastKnownFileType = sourcecode.swift; path = ContentView.swift; sourceTree = "<group>"; };
		301F7F512433944C00C01C03 /* Assets.xcassets */ = {isa = PBXFileReference; lastKnownFileType = folder.assetcatalog; path = Assets.xcassets; sourceTree = "<group>"; };
		301F7F542433944C00C01C03 /* Preview Assets.xcassets */ = {isa = PBXFileReference; lastKnownFileType = folder.assetcatalog; path = "Preview Assets.xcassets"; sourceTree = "<group>"; };
		301F7F572433944C00C01C03 /* Base */ = {isa = PBXFileReference; lastKnownFileType = file.storyboard; name = Base; path = Base.lproj/LaunchScreen.storyboard; sourceTree = "<group>"; };
		301F7F592433944C00C01C03 /* Info.plist */ = {isa = PBXFileReference; lastKnownFileType = text.plist.xml; path = Info.plist; sourceTree = "<group>"; };
		301F7F5F2433947000C01C03 /* Helper.swift */ = {isa = PBXFileReference; fileEncoding = 4; lastKnownFileType = sourcecode.swift; path = Helper.swift; sourceTree = "<group>"; };
		301F7F61243394A900C01C03 /* Order.swift */ = {isa = PBXFileReference; fileEncoding = 4; lastKnownFileType = sourcecode.swift; path = Order.swift; sourceTree = "<group>"; };
		301F7F62243394A900C01C03 /* Menu.swift */ = {isa = PBXFileReference; fileEncoding = 4; lastKnownFileType = sourcecode.swift; path = Menu.swift; sourceTree = "<group>"; };
		301F7F65243394CB00C01C03 /* menu.json */ = {isa = PBXFileReference; fileEncoding = 4; lastKnownFileType = text.json; path = menu.json; sourceTree = "<group>"; };
		301F7F672433A4FF00C01C03 /* ItemRow.swift */ = {isa = PBXFileReference; lastKnownFileType = sourcecode.swift; path = ItemRow.swift; sourceTree = "<group>"; };
		307D06C1243CF182004E2F8D /* AppView.swift */ = {isa = PBXFileReference; lastKnownFileType = sourcecode.swift; path = AppView.swift; sourceTree = "<group>"; };
		307D06C3243CF451004E2F8D /* CheckoutView.swift */ = {isa = PBXFileReference; lastKnownFileType = sourcecode.swift; path = CheckoutView.swift; sourceTree = "<group>"; };
		308B5D22243CEF8600C0681B /* OrderView.swift */ = {isa = PBXFileReference; lastKnownFileType = sourcecode.swift; path = OrderView.swift; sourceTree = "<group>"; };
		309E4D7B2433C690009BA2A3 /* ItemDetail.swift */ = {isa = PBXFileReference; lastKnownFileType = sourcecode.swift; path = ItemDetail.swift; sourceTree = "<group>"; };
/* End PBXFileReference section */

/* Begin PBXFrameworksBuildPhase section */
		301F7F452433944800C01C03 /* Frameworks */ = {
			isa = PBXFrameworksBuildPhase;
			buildActionMask = 2147483647;
			files = (
			);
			runOnlyForDeploymentPostprocessing = 0;
		};
/* End PBXFrameworksBuildPhase section */

/* Begin PBXGroup section */
		301F7F3F2433944800C01C03 = {
			isa = PBXGroup;
			children = (
				301F7F4A2433944800C01C03 /* iDine */,
				301F7F492433944800C01C03 /* Products */,
			);
			sourceTree = "<group>";
		};
		301F7F492433944800C01C03 /* Products */ = {
			isa = PBXGroup;
			children = (
				301F7F482433944800C01C03 /* iDine.app */,
			);
			name = Products;
			sourceTree = "<group>";
		};
		301F7F4A2433944800C01C03 /* iDine */ = {
			isa = PBXGroup;
			children = (
				301F7F62243394A900C01C03 /* Menu.swift */,
				301F7F61243394A900C01C03 /* Order.swift */,
				301F7F4B2433944800C01C03 /* AppDelegate.swift */,
				301F7F4D2433944800C01C03 /* SceneDelegate.swift */,
				307D06C3243CF451004E2F8D /* CheckoutView.swift */,
				301F7F4F2433944800C01C03 /* ContentView.swift */,
				307D06C1243CF182004E2F8D /* AppView.swift */,
				309E4D7B2433C690009BA2A3 /* ItemDetail.swift */,
				308B5D22243CEF8600C0681B /* OrderView.swift */,
				301F7F672433A4FF00C01C03 /* ItemRow.swift */,
				301F7F5F2433947000C01C03 /* Helper.swift */,
				301F7F65243394CB00C01C03 /* menu.json */,
				301F7F512433944C00C01C03 /* Assets.xcassets */,
				301F7F562433944C00C01C03 /* LaunchScreen.storyboard */,
				301F7F592433944C00C01C03 /* Info.plist */,
				301F7F532433944C00C01C03 /* Preview Content */,
			);
			path = iDine;
			sourceTree = "<group>";
		};
		301F7F532433944C00C01C03 /* Preview Content */ = {
			isa = PBXGroup;
			children = (
				301F7F542433944C00C01C03 /* Preview Assets.xcassets */,
			);
			path = "Preview Content";
			sourceTree = "<group>";
		};
/* End PBXGroup section */

/* Begin PBXNativeTarget section */
		301F7F472433944800C01C03 /* iDine */ = {
			isa = PBXNativeTarget;
			buildConfigurationList = 301F7F5C2433944C00C01C03 /* Build configuration list for PBXNativeTarget "iDine" */;
			buildPhases = (
				301F7F442433944800C01C03 /* Sources */,
				301F7F452433944800C01C03 /* Frameworks */,
				301F7F462433944800C01C03 /* Resources */,
			);
			buildRules = (
			);
			dependencies = (
			);
			name = iDine;
			productName = iDine;
			productReference = 301F7F482433944800C01C03 /* iDine.app */;
			productType = "com.apple.product-type.application";
		};
/* End PBXNativeTarget section */

/* Begin PBXProject section */
		301F7F402433944800C01C03 /* Project object */ = {
			isa = PBXProject;
			attributes = {
				LastSwiftUpdateCheck = 1130;
				LastUpgradeCheck = 1130;
				ORGANIZATIONNAME = "Narayanaswamy, Subhashini (623)";
				TargetAttributes = {
					301F7F472433944800C01C03 = {
						CreatedOnToolsVersion = 11.3.1;
					};
				};
			};
			buildConfigurationList = 301F7F432433944800C01C03 /* Build configuration list for PBXProject "iDine" */;
			compatibilityVersion = "Xcode 9.3";
			developmentRegion = en;
			hasScannedForEncodings = 0;
			knownRegions = (
				en,
				Base,
			);
			mainGroup = 301F7F3F2433944800C01C03;
			productRefGroup = 301F7F492433944800C01C03 /* Products */;
			projectDirPath = "";
			projectRoot = "";
			targets = (
				301F7F472433944800C01C03 /* iDine */,
			);
		};
/* End PBXProject section */

/* Begin PBXResourcesBuildPhase section */
		301F7F462433944800C01C03 /* Resources */ = {
			isa = PBXResourcesBuildPhase;
			buildActionMask = 2147483647;
			files = (
				301F7F582433944C00C01C03 /* LaunchScreen.storyboard in Resources */,
				301F7F552433944C00C01C03 /* Preview Assets.xcassets in Resources */,
				301F7F66243394CB00C01C03 /* menu.json in Resources */,
				301F7F522433944C00C01C03 /* Assets.xcassets in Resources */,
			);
			runOnlyForDeploymentPostprocessing = 0;
		};
/* End PBXResourcesBuildPhase section */

/* Begin PBXSourcesBuildPhase section */
		301F7F442433944800C01C03 /* Sources */ = {
			isa = PBXSourcesBuildPhase;
			buildActionMask = 2147483647;
			files = (
				301F7F64243394A900C01C03 /* Menu.swift in Sources */,
				307D06C4243CF451004E2F8D /* CheckoutView.swift in Sources */,
				301F7F4C2433944800C01C03 /* AppDelegate.swift in Sources */,
				301F7F4E2433944800C01C03 /* SceneDelegate.swift in Sources */,
				301F7F682433A4FF00C01C03 /* ItemRow.swift in Sources */,
				301F7F63243394A900C01C03 /* Order.swift in Sources */,
				309E4D7C2433C690009BA2A3 /* ItemDetail.swift in Sources */,
				308B5D23243CEF8600C0681B /* OrderView.swift in Sources */,
				301F7F502433944800C01C03 /* ContentView.swift in Sources */,
				307D06C2243CF182004E2F8D /* AppView.swift in Sources */,
				301F7F602433947000C01C03 /* Helper.swift in Sources */,
			);
			runOnlyForDeploymentPostprocessing = 0;
		};
/* End PBXSourcesBuildPhase section */

/* Begin PBXVariantGroup section */
		301F7F562433944C00C01C03 /* LaunchScreen.storyboard */ = {
			isa = PBXVariantGroup;
			children = (
				301F7F572433944C00C01C03 /* Base */,
			);
			name = LaunchScreen.storyboard;
			sourceTree = "<group>";
		};
/* End PBXVariantGroup section */

/* Begin XCBuildConfiguration section */
		301F7F5A2433944C00C01C03 /* Debug */ = {
			isa = XCBuildConfiguration;
			buildSettings = {
				ALWAYS_SEARCH_USER_PATHS = NO;
				CLANG_ANALYZER_NONNULL = YES;
				CLANG_ANALYZER_NUMBER_OBJECT_CONVERSION = YES_AGGRESSIVE;
				CLANG_CXX_LANGUAGE_STANDARD = "gnu++14";
				CLANG_CXX_LIBRARY = "libc++";
				CLANG_ENABLE_MODULES = YES;
				CLANG_ENABLE_OBJC_ARC = YES;
				CLANG_ENABLE_OBJC_WEAK = YES;
				CLANG_WARN_BLOCK_CAPTURE_AUTORELEASING = YES;
				CLANG_WARN_BOOL_CONVERSION = YES;
				CLANG_WARN_COMMA = YES;
				CLANG_WARN_CONSTANT_CONVERSION = YES;
				CLANG_WARN_DEPRECATED_OBJC_IMPLEMENTATIONS = YES;
				CLANG_WARN_DIRECT_OBJC_ISA_USAGE = YES_ERROR;
				CLANG_WARN_DOCUMENTATION_COMMENTS = YES;
				CLANG_WARN_EMPTY_BODY = YES;
				CLANG_WARN_ENUM_CONVERSION = YES;
				CLANG_WARN_INFINITE_RECURSION = YES;
				CLANG_WARN_INT_CONVERSION = YES;
				CLANG_WARN_NON_LITERAL_NULL_CONVERSION = YES;
				CLANG_WARN_OBJC_IMPLICIT_RETAIN_SELF = YES;
				CLANG_WARN_OBJC_LITERAL_CONVERSION = YES;
				CLANG_WARN_OBJC_ROOT_CLASS = YES_ERROR;
				CLANG_WARN_RANGE_LOOP_ANALYSIS = YES;
				CLANG_WARN_STRICT_PROTOTYPES = YES;
				CLANG_WARN_SUSPICIOUS_MOVE = YES;
				CLANG_WARN_UNGUARDED_AVAILABILITY = YES_AGGRESSIVE;
				CLANG_WARN_UNREACHABLE_CODE = YES;
				CLANG_WARN__DUPLICATE_METHOD_MATCH = YES;
				COPY_PHASE_STRIP = NO;
				DEBUG_INFORMATION_FORMAT = dwarf;
				ENABLE_STRICT_OBJC_MSGSEND = YES;
				ENABLE_TESTABILITY = YES;
				GCC_C_LANGUAGE_STANDARD = gnu11;
				GCC_DYNAMIC_NO_PIC = NO;
				GCC_NO_COMMON_BLOCKS = YES;
				GCC_OPTIMIZATION_LEVEL = 0;
				GCC_PREPROCESSOR_DEFINITIONS = (
					"DEBUG=1",
					"$(inherited)",
				);
				GCC_WARN_64_TO_32_BIT_CONVERSION = YES;
				GCC_WARN_ABOUT_RETURN_TYPE = YES_ERROR;
				GCC_WARN_UNDECLARED_SELECTOR = YES;
				GCC_WARN_UNINITIALIZED_AUTOS = YES_AGGRESSIVE;
				GCC_WARN_UNUSED_FUNCTION = YES;
				GCC_WARN_UNUSED_VARIABLE = YES;
				IPHONEOS_DEPLOYMENT_TARGET = 13.2;
				MTL_ENABLE_DEBUG_INFO = INCLUDE_SOURCE;
				MTL_FAST_MATH = YES;
				ONLY_ACTIVE_ARCH = YES;
				SDKROOT = iphoneos;
				SWIFT_ACTIVE_COMPILATION_CONDITIONS = DEBUG;
				SWIFT_OPTIMIZATION_LEVEL = "-Onone";
			};
			name = Debug;
		};
		301F7F5B2433944C00C01C03 /* Release */ = {
			isa = XCBuildConfiguration;
			buildSettings = {
				ALWAYS_SEARCH_USER_PATHS = NO;
				CLANG_ANALYZER_NONNULL = YES;
				CLANG_ANALYZER_NUMBER_OBJECT_CONVERSION = YES_AGGRESSIVE;
				CLANG_CXX_LANGUAGE_STANDARD = "gnu++14";
				CLANG_CXX_LIBRARY = "libc++";
				CLANG_ENABLE_MODULES = YES;
				CLANG_ENABLE_OBJC_ARC = YES;
				CLANG_ENABLE_OBJC_WEAK = YES;
				CLANG_WARN_BLOCK_CAPTURE_AUTORELEASING = YES;
				CLANG_WARN_BOOL_CONVERSION = YES;
				CLANG_WARN_COMMA = YES;
				CLANG_WARN_CONSTANT_CONVERSION = YES;
				CLANG_WARN_DEPRECATED_OBJC_IMPLEMENTATIONS = YES;
				CLANG_WARN_DIRECT_OBJC_ISA_USAGE = YES_ERROR;
				CLANG_WARN_DOCUMENTATION_COMMENTS = YES;
				CLANG_WARN_EMPTY_BODY = YES;
				CLANG_WARN_ENUM_CONVERSION = YES;
				CLANG_WARN_INFINITE_RECURSION = YES;
				CLANG_WARN_INT_CONVERSION = YES;
				CLANG_WARN_NON_LITERAL_NULL_CONVERSION = YES;
				CLANG_WARN_OBJC_IMPLICIT_RETAIN_SELF = YES;
				CLANG_WARN_OBJC_LITERAL_CONVERSION = YES;
				CLANG_WARN_OBJC_ROOT_CLASS = YES_ERROR;
				CLANG_WARN_RANGE_LOOP_ANALYSIS = YES;
				CLANG_WARN_STRICT_PROTOTYPES = YES;
				CLANG_WARN_SUSPICIOUS_MOVE = YES;
				CLANG_WARN_UNGUARDED_AVAILABILITY = YES_AGGRESSIVE;
				CLANG_WARN_UNREACHABLE_CODE = YES;
				CLANG_WARN__DUPLICATE_METHOD_MATCH = YES;
				COPY_PHASE_STRIP = NO;
				DEBUG_INFORMATION_FORMAT = "dwarf-with-dsym";
				ENABLE_NS_ASSERTIONS = NO;
				ENABLE_STRICT_OBJC_MSGSEND = YES;
				GCC_C_LANGUAGE_STANDARD = gnu11;
				GCC_NO_COMMON_BLOCKS = YES;
				GCC_WARN_64_TO_32_BIT_CONVERSION = YES;
				GCC_WARN_ABOUT_RETURN_TYPE = YES_ERROR;
				GCC_WARN_UNDECLARED_SELECTOR = YES;
				GCC_WARN_UNINITIALIZED_AUTOS = YES_AGGRESSIVE;
				GCC_WARN_UNUSED_FUNCTION = YES;
				GCC_WARN_UNUSED_VARIABLE = YES;
				IPHONEOS_DEPLOYMENT_TARGET = 13.2;
				MTL_ENABLE_DEBUG_INFO = NO;
				MTL_FAST_MATH = YES;
				SDKROOT = iphoneos;
				SWIFT_COMPILATION_MODE = wholemodule;
				SWIFT_OPTIMIZATION_LEVEL = "-O";
				VALIDATE_PRODUCT = YES;
			};
			name = Release;
		};
		301F7F5D2433944C00C01C03 /* Debug */ = {
			isa = XCBuildConfiguration;
			buildSettings = {
				ASSETCATALOG_COMPILER_APPICON_NAME = AppIcon;
				CODE_SIGN_IDENTITY = "Apple Development";
				CODE_SIGN_STYLE = Automatic;
				DEVELOPMENT_ASSET_PATHS = "\"iDine/Preview Content\"";
				DEVELOPMENT_TEAM = L49Z88BCG6;
				ENABLE_PREVIEWS = YES;
				INFOPLIST_FILE = iDine/Info.plist;
				IPHONEOS_DEPLOYMENT_TARGET = 13.0;
				LD_RUNPATH_SEARCH_PATHS = (
					"$(inherited)",
					"@executable_path/Frameworks",
				);
				PRODUCT_BUNDLE_IDENTIFIER = com.company.iDine;
				PRODUCT_NAME = "$(TARGET_NAME)";
				PROVISIONING_PROFILE_SPECIFIER = "";
				SWIFT_VERSION = 5.0;
				TARGETED_DEVICE_FAMILY = "1,2";
			};
			name = Debug;
		};
		301F7F5E2433944C00C01C03 /* Release */ = {
			isa = XCBuildConfiguration;
			buildSettings = {
				ASSETCATALOG_COMPILER_APPICON_NAME = AppIcon;
				CODE_SIGN_IDENTITY = "Apple Development";
				CODE_SIGN_STYLE = Automatic;
				DEVELOPMENT_ASSET_PATHS = "\"iDine/Preview Content\"";
				DEVELOPMENT_TEAM = L49Z88BCG6;
				ENABLE_PREVIEWS = YES;
				INFOPLIST_FILE = iDine/Info.plist;
				IPHONEOS_DEPLOYMENT_TARGET = 13.0;
				LD_RUNPATH_SEARCH_PATHS = (
					"$(inherited)",
					"@executable_path/Frameworks",
				);
				PRODUCT_BUNDLE_IDENTIFIER = com.company.iDine;
				PRODUCT_NAME = "$(TARGET_NAME)";
				PROVISIONING_PROFILE_SPECIFIER = "";
				SWIFT_VERSION = 5.0;
				TARGETED_DEVICE_FAMILY = "1,2";
			};
			name = Release;
		};
/* End XCBuildConfiguration section */

/* Begin XCConfigurationList section */
		301F7F432433944800C01C03 /* Build configuration list for PBXProject "iDine" */ = {
			isa = XCConfigurationList;
			buildConfigurations = (
				301F7F5A2433944C00C01C03 /* Debug */,
				301F7F5B2433944C00C01C03 /* Release */,
			);
			defaultConfigurationIsVisible = 0;
			defaultConfigurationName = Release;
		};
		301F7F5C2433944C00C01C03 /* Build configuration list for PBXNativeTarget "iDine" */ = {
			isa = XCConfigurationList;
			buildConfigurations = (
				301F7F5D2433944C00C01C03 /* Debug */,
				301F7F5E2433944C00C01C03 /* Release */,
			);
			defaultConfigurationIsVisible = 0;
			defaultConfigurationName = Release;
		};
/* End XCConfigurationList section */
	};
	rootObject = 301F7F402433944800C01C03 /* Project object */;
}
